
Microsoft Visual Studio Solution File, Format Version 12.00
# Visual Studio Version 16
VisualStudioVersion = 16.0.30104.148
MinimumVisualStudioVersion = 10.0.40219.1
Project("{9A19103F-16F7-4668-BE54-9A1E7A4F7556}") = "DevIO.Business", "src\DevIO.Business\DevIO.Business.csproj", "{885BB0A0-2E4B-4EB4-B8B5-7AF7F82C5B1B}"
EndProject
Project("{9A19103F-16F7-4668-BE54-9A1E7A4F7556}") = "DevIO.Data", "src\DevIO.Data\DevIO.Data.csproj", "{C18DF1F8-1204-4C19-8F0C-692A2BDD2904}"
EndProject
Project("{FAE04EC0-301F-11D3-BF4B-00C04F79EFBC}") = "DevIO.Api", "src\DevIO.Api\DevIO.Api.csproj", "{38C6BBF5-F8E1-4730-BC17-B1F3C3919C10}"
EndProject
Global
	GlobalSection(SolutionConfigurationPlatforms) = preSolution
		Debug|Any CPU = Debug|Any CPU
		Release|Any CPU = Release|Any CPU
	EndGlobalSection
	GlobalSection(ProjectConfigurationPlatforms) = postSolution
		{885BB0A0-2E4B-4EB4-B8B5-7AF7F82C5B1B}.Debug|Any CPU.ActiveCfg = Debug|Any CPU
		{885BB0A0-2E4B-4EB4-B8B5-7AF7F82C5B1B}.Debug|Any CPU.Build.0 = Debug|Any CPU
		{885BB0A0-2E4B-4EB4-B8B5-7AF7F82C5B1B}.Release|Any CPU.ActiveCfg = Release|Any CPU
		{885BB0A0-2E4B-4EB4-B8B5-7AF7F82C5B1B}.Release|Any CPU.Build.0 = Release|Any CPU
		{C18DF1F8-1204-4C19-8F0C-692A2BDD2904}.Debug|Any CPU.ActiveCfg = Debug|Any CPU
		{C18DF1F8-1204-4C19-8F0C-692A2BDD2904}.Debug|Any CPU.Build.0 = Debug|Any CPU
		{C18DF1F8-1204-4C19-8F0C-692A2BDD2904}.Release|Any CPU.ActiveCfg = Release|Any CPU
		{C18DF1F8-1204-4C19-8F0C-692A2BDD2904}.Release|Any CPU.Build.0 = Release|Any CPU
		{38C6BBF5-F8E1-4730-BC17-B1F3C3919C10}.Debug|Any CPU.ActiveCfg = Debug|Any CPU
		{38C6BBF5-F8E1-4730-BC17-B1F3C3919C10}.Debug|Any CPU.Build.0 = Debug|Any CPU
		{38C6BBF5-F8E1-4730-BC17-B1F3C3919C10}.Release|Any CPU.ActiveCfg = Release|Any CPU
		{38C6BBF5-F8E1-4730-BC17-B1F3C3919C10}.Release|Any CPU.Build.0 = Release|Any CPU
	EndGlobalSection
	GlobalSection(SolutionProperties) = preSolution
		HideSolutionNode = FALSE
	EndGlobalSection
	GlobalSection(ExtensibilityGlobals) = postSolution
		SolutionGuid = {224A473A-F0DA-48B6-98FA-45627B67B422}
	EndGlobalSection
EndGlobal
